// !$*UTF8*$!
{
	archiveVersion = 1;
	classes = {
	};
	objectVersion = 54;
	objects = {

/* Begin PBXBuildFile section */
		00E356F31AD99517003FC87E /* LoginAnimationTests.m in Sources */ = {isa = PBXBuildFile; fileRef = 00E356F21AD99517003FC87E /* LoginAnimationTests.m */; };
		0C80B921A6F3F58F76C31292 /* libPods-LoginAnimation.a in Frameworks */ = {isa = PBXBuildFile; fileRef = 5DCACB8F33CDC322A6C60F78 /* libPods-LoginAnimation.a */; };
		13B07FBC1A68108700A75B9A /* AppDelegate.mm in Sources */ = {isa = PBXBuildFile; fileRef = 13B07FB01A68108700A75B9A /* AppDelegate.mm */; };
		13B07FBF1A68108700A75B9A /* Images.xcassets in Resources */ = {isa = PBXBuildFile; fileRef = 13B07FB51A68108700A75B9A /* Images.xcassets */; };
		13B07FC11A68108700A75B9A /* main.m in Sources */ = {isa = PBXBuildFile; fileRef = 13B07FB71A68108700A75B9A /* main.m */; };
		735980E52C5B593C008B2E9A /* OpenSans-Bold.ttf in Resources */ = {isa = PBXBuildFile; fileRef = 260A000ED8E54FCD8EA7C09D /* OpenSans-Bold.ttf */; };
		735980E62C5B593C008B2E9A /* OpenSans-BoldItalic.ttf in Resources */ = {isa = PBXBuildFile; fileRef = 21FBDFA98B5C4E2997992E78 /* OpenSans-BoldItalic.ttf */; };
		735980E72C5B593C008B2E9A /* OpenSans-ExtraBold.ttf in Resources */ = {isa = PBXBuildFile; fileRef = 84D34A70892B4CB1AABEFFED /* OpenSans-ExtraBold.ttf */; };
		735980E82C5B593C008B2E9A /* OpenSans-ExtraBoldItalic.ttf in Resources */ = {isa = PBXBuildFile; fileRef = 678CF41E11E04EDEA8F93599 /* OpenSans-ExtraBoldItalic.ttf */; };
		735980E92C5B593C008B2E9A /* OpenSans-Italic.ttf in Resources */ = {isa = PBXBuildFile; fileRef = B8AAD8EBE51C43C6B2F030E5 /* OpenSans-Italic.ttf */; };
		735980EA2C5B593C008B2E9A /* OpenSans-Light.ttf in Resources */ = {isa = PBXBuildFile; fileRef = DF9DF41A69CF4FB5AE1974F7 /* OpenSans-Light.ttf */; };
		735980EB2C5B593C008B2E9A /* OpenSans-LightItalic.ttf in Resources */ = {isa = PBXBuildFile; fileRef = E4B47AAF860244DCA977CA0D /* OpenSans-LightItalic.ttf */; };
		735980EC2C5B593C008B2E9A /* OpenSans-Medium.ttf in Resources */ = {isa = PBXBuildFile; fileRef = 6DE22F542C2A484EB36D6248 /* OpenSans-Medium.ttf */; };
		735980ED2C5B593C008B2E9A /* OpenSans-MediumItalic.ttf in Resources */ = {isa = PBXBuildFile; fileRef = C39ED511BFFB473E999B7AFA /* OpenSans-MediumItalic.ttf */; };
		735980EE2C5B593C008B2E9A /* OpenSans-Regular.ttf in Resources */ = {isa = PBXBuildFile; fileRef = 5D87528A48F94E1A908AE86A /* OpenSans-Regular.ttf */; };
		735980EF2C5B593C008B2E9A /* OpenSans-SemiBold.ttf in Resources */ = {isa = PBXBuildFile; fileRef = 5F38489071D044E59A7327AB /* OpenSans-SemiBold.ttf */; };
		735980F02C5B593C008B2E9A /* OpenSans-SemiBoldItalic.ttf in Resources */ = {isa = PBXBuildFile; fileRef = 18769342BCDE4B18A60DC454 /* OpenSans-SemiBoldItalic.ttf */; };
		735980F12C5B593C008B2E9A /* OpenSans_Condensed-Bold.ttf in Resources */ = {isa = PBXBuildFile; fileRef = 4B35469C23874E4BB6061F67 /* OpenSans_Condensed-Bold.ttf */; };
		735980F22C5B593C008B2E9A /* OpenSans_Condensed-BoldItalic.ttf in Resources */ = {isa = PBXBuildFile; fileRef = 961F01AE3FEA446B8889C98C /* OpenSans_Condensed-BoldItalic.ttf */; };
		735980F32C5B593C008B2E9A /* OpenSans_Condensed-ExtraBold.ttf in Resources */ = {isa = PBXBuildFile; fileRef = 32AE654C4DE445D6A84FCF24 /* OpenSans_Condensed-ExtraBold.ttf */; };
		735980F42C5B593C008B2E9A /* OpenSans_Condensed-ExtraBoldItalic.ttf in Resources */ = {isa = PBXBuildFile; fileRef = EBFDE8E88FF94095A67B6C6C /* OpenSans_Condensed-ExtraBoldItalic.ttf */; };
		735980F52C5B593C008B2E9A /* OpenSans_Condensed-Italic.ttf in Resources */ = {isa = PBXBuildFile; fileRef = FE850973ACF542048CE28468 /* OpenSans_Condensed-Italic.ttf */; };
		735980F62C5B593C008B2E9A /* OpenSans_Condensed-Light.ttf in Resources */ = {isa = PBXBuildFile; fileRef = CC953218794444D4AC087A56 /* OpenSans_Condensed-Light.ttf */; };
		735980F72C5B593C008B2E9A /* OpenSans_Condensed-LightItalic.ttf in Resources */ = {isa = PBXBuildFile; fileRef = AA4D6389E83C482DB42B7183 /* OpenSans_Condensed-LightItalic.ttf */; };
		735980F82C5B593C008B2E9A /* OpenSans_Condensed-Medium.ttf in Resources */ = {isa = PBXBuildFile; fileRef = E01FF7107E844B078E9F1A02 /* OpenSans_Condensed-Medium.ttf */; };
		735980F92C5B593C008B2E9A /* OpenSans_Condensed-MediumItalic.ttf in Resources */ = {isa = PBXBuildFile; fileRef = CB5F8205C7104A3F9569A695 /* OpenSans_Condensed-MediumItalic.ttf */; };
		735980FA2C5B593C008B2E9A /* OpenSans_Condensed-Regular.ttf in Resources */ = {isa = PBXBuildFile; fileRef = 303290ED9B25452EBCBDA137 /* OpenSans_Condensed-Regular.ttf */; };
		735980FB2C5B593C008B2E9A /* OpenSans_Condensed-SemiBold.ttf in Resources */ = {isa = PBXBuildFile; fileRef = F877818B285A4EDCA314B690 /* OpenSans_Condensed-SemiBold.ttf */; };
		735980FC2C5B593C008B2E9A /* OpenSans_Condensed-SemiBoldItalic.ttf in Resources */ = {isa = PBXBuildFile; fileRef = 341A7D82DEBF4ACAB643C326 /* OpenSans_Condensed-SemiBoldItalic.ttf */; };
		735980FD2C5B593C008B2E9A /* OpenSans_SemiCondensed-Bold.ttf in Resources */ = {isa = PBXBuildFile; fileRef = F55D9A8FE8CA42ABB9B32A85 /* OpenSans_SemiCondensed-Bold.ttf */; };
		735980FE2C5B593C008B2E9A /* OpenSans_SemiCondensed-BoldItalic.ttf in Resources */ = {isa = PBXBuildFile; fileRef = B3929AE9AB464539954327AD /* OpenSans_SemiCondensed-BoldItalic.ttf */; };
		735980FF2C5B593C008B2E9A /* OpenSans_SemiCondensed-ExtraBold.ttf in Resources */ = {isa = PBXBuildFile; fileRef = 6469CCA195EC417F9CC7CDE8 /* OpenSans_SemiCondensed-ExtraBold.ttf */; };
		735981002C5B593C008B2E9A /* OpenSans_SemiCondensed-ExtraBoldItalic.ttf in Resources */ = {isa = PBXBuildFile; fileRef = 76DC8BCC5DFF447E8274EA4B /* OpenSans_SemiCondensed-ExtraBoldItalic.ttf */; };
		735981012C5B593C008B2E9A /* OpenSans_SemiCondensed-Italic.ttf in Resources */ = {isa = PBXBuildFile; fileRef = 455FD1A3217F42CF8A194126 /* OpenSans_SemiCondensed-Italic.ttf */; };
		735981022C5B593C008B2E9A /* OpenSans_SemiCondensed-Light.ttf in Resources */ = {isa = PBXBuildFile; fileRef = E7764D72658043ACA2AF67CF /* OpenSans_SemiCondensed-Light.ttf */; };
		735981032C5B593C008B2E9A /* OpenSans_SemiCondensed-LightItalic.ttf in Resources */ = {isa = PBXBuildFile; fileRef = 1DBB7C8716FD4811AC7D0B38 /* OpenSans_SemiCondensed-LightItalic.ttf */; };
		735981042C5B593C008B2E9A /* OpenSans_SemiCondensed-Medium.ttf in Resources */ = {isa = PBXBuildFile; fileRef = 51C340A2BAF1451B90E1F47D /* OpenSans_SemiCondensed-Medium.ttf */; };
		735981052C5B593C008B2E9A /* OpenSans_SemiCondensed-MediumItalic.ttf in Resources */ = {isa = PBXBuildFile; fileRef = C13ED0F96A4D4D6FBE7BAB76 /* OpenSans_SemiCondensed-MediumItalic.ttf */; };
		735981062C5B593C008B2E9A /* OpenSans_SemiCondensed-Regular.ttf in Resources */ = {isa = PBXBuildFile; fileRef = 1949050F53A2447DAE8EAFDC /* OpenSans_SemiCondensed-Regular.ttf */; };
		735981072C5B593C008B2E9A /* OpenSans_SemiCondensed-SemiBold.ttf in Resources */ = {isa = PBXBuildFile; fileRef = 0220BA0837554B808DB600FE /* OpenSans_SemiCondensed-SemiBold.ttf */; };
		735981082C5B593C008B2E9A /* OpenSans_SemiCondensed-SemiBoldItalic.ttf in Resources */ = {isa = PBXBuildFile; fileRef = EDF9332CD5C845C18711C8CC /* OpenSans_SemiCondensed-SemiBoldItalic.ttf */; };
		7699B88040F8A987B510C191 /* libPods-LoginAnimation-LoginAnimationTests.a in Frameworks */ = {isa = PBXBuildFile; fileRef = 19F6CBCC0A4E27FBF8BF4A61 /* libPods-LoginAnimation-LoginAnimationTests.a */; };
		81AB9BB82411601600AC10FF /* LaunchScreen.storyboard in Resources */ = {isa = PBXBuildFile; fileRef = 81AB9BB72411601600AC10FF /* LaunchScreen.storyboard */; };
		B7E356AA5A4F004753A6328A /* PrivacyInfo.xcprivacy in Resources */ = {isa = PBXBuildFile; fileRef = E41EEAC62184BF8ACA2508F5 /* PrivacyInfo.xcprivacy */; };
/* End PBXBuildFile section */

/* Begin PBXContainerItemProxy section */
		00E356F41AD99517003FC87E /* PBXContainerItemProxy */ = {
			isa = PBXContainerItemProxy;
			containerPortal = 83CBB9F71A601CBA00E9B192 /* Project object */;
			proxyType = 1;
			remoteGlobalIDString = 13B07F861A680F5B00A75B9A;
			remoteInfo = LoginAnimation;
		};
/* End PBXContainerItemProxy section */

/* Begin PBXFileReference section */
		00E356EE1AD99517003FC87E /* LoginAnimationTests.xctest */ = {isa = PBXFileReference; explicitFileType = wrapper.cfbundle; includeInIndex = 0; path = LoginAnimationTests.xctest; sourceTree = BUILT_PRODUCTS_DIR; };
		00E356F11AD99517003FC87E /* Info.plist */ = {isa = PBXFileReference; lastKnownFileType = text.plist.xml; path = Info.plist; sourceTree = "<group>"; };
		00E356F21AD99517003FC87E /* LoginAnimationTests.m */ = {isa = PBXFileReference; lastKnownFileType = sourcecode.c.objc; path = LoginAnimationTests.m; sourceTree = "<group>"; };
		0220BA0837554B808DB600FE /* OpenSans_SemiCondensed-SemiBold.ttf */ = {isa = PBXFileReference; explicitFileType = undefined; fileEncoding = 9; includeInIndex = 0; lastKnownFileType = unknown; name = "OpenSans_SemiCondensed-SemiBold.ttf"; path = "../src/assets/fonts/OpenSans_SemiCondensed-SemiBold.ttf"; sourceTree = "<group>"; };
		041452EAA352441A9AA93E9B /* SimpleLineIcons.ttf */ = {isa = PBXFileReference; explicitFileType = undefined; fileEncoding = 9; includeInIndex = 0; lastKnownFileType = unknown; name = SimpleLineIcons.ttf; path = ../src/assets/fonts/SimpleLineIcons.ttf; sourceTree = "<group>"; };
		13B07F961A680F5B00A75B9A /* LoginAnimation.app */ = {isa = PBXFileReference; explicitFileType = wrapper.application; includeInIndex = 0; path = LoginAnimation.app; sourceTree = BUILT_PRODUCTS_DIR; };
		13B07FAF1A68108700A75B9A /* AppDelegate.h */ = {isa = PBXFileReference; fileEncoding = 4; lastKnownFileType = sourcecode.c.h; name = AppDelegate.h; path = LoginAnimation/AppDelegate.h; sourceTree = "<group>"; };
		13B07FB01A68108700A75B9A /* AppDelegate.mm */ = {isa = PBXFileReference; fileEncoding = 4; lastKnownFileType = sourcecode.cpp.objcpp; name = AppDelegate.mm; path = LoginAnimation/AppDelegate.mm; sourceTree = "<group>"; };
		13B07FB51A68108700A75B9A /* Images.xcassets */ = {isa = PBXFileReference; lastKnownFileType = folder.assetcatalog; name = Images.xcassets; path = LoginAnimation/Images.xcassets; sourceTree = "<group>"; };
		13B07FB61A68108700A75B9A /* Info.plist */ = {isa = PBXFileReference; fileEncoding = 4; lastKnownFileType = text.plist.xml; name = Info.plist; path = LoginAnimation/Info.plist; sourceTree = "<group>"; };
		13B07FB71A68108700A75B9A /* main.m */ = {isa = PBXFileReference; fileEncoding = 4; lastKnownFileType = sourcecode.c.objc; name = main.m; path = LoginAnimation/main.m; sourceTree = "<group>"; };
		13B07FB81A68108700A75B9A /* PrivacyInfo.xcprivacy */ = {isa = PBXFileReference; fileEncoding = 4; lastKnownFileType = text.plist.xml; name = PrivacyInfo.xcprivacy; path = LoginAnimation/PrivacyInfo.xcprivacy; sourceTree = "<group>"; };
		18769342BCDE4B18A60DC454 /* OpenSans-SemiBoldItalic.ttf */ = {isa = PBXFileReference; explicitFileType = undefined; fileEncoding = 9; includeInIndex = 0; lastKnownFileType = unknown; name = "OpenSans-SemiBoldItalic.ttf"; path = "../src/assets/fonts/OpenSans-SemiBoldItalic.ttf"; sourceTree = "<group>"; };
		1949050F53A2447DAE8EAFDC /* OpenSans_SemiCondensed-Regular.ttf */ = {isa = PBXFileReference; explicitFileType = undefined; fileEncoding = 9; includeInIndex = 0; lastKnownFileType = unknown; name = "OpenSans_SemiCondensed-Regular.ttf"; path = "../src/assets/fonts/OpenSans_SemiCondensed-Regular.ttf"; sourceTree = "<group>"; };
		19F6CBCC0A4E27FBF8BF4A61 /* libPods-LoginAnimation-LoginAnimationTests.a */ = {isa = PBXFileReference; explicitFileType = archive.ar; includeInIndex = 0; path = "libPods-LoginAnimation-LoginAnimationTests.a"; sourceTree = BUILT_PRODUCTS_DIR; };
		1DBB7C8716FD4811AC7D0B38 /* OpenSans_SemiCondensed-LightItalic.ttf */ = {isa = PBXFileReference; explicitFileType = undefined; fileEncoding = 9; includeInIndex = 0; lastKnownFileType = unknown; name = "OpenSans_SemiCondensed-LightItalic.ttf"; path = "../src/assets/fonts/OpenSans_SemiCondensed-LightItalic.ttf"; sourceTree = "<group>"; };
		21FBDFA98B5C4E2997992E78 /* OpenSans-BoldItalic.ttf */ = {isa = PBXFileReference; explicitFileType = undefined; fileEncoding = 9; includeInIndex = 0; lastKnownFileType = unknown; name = "OpenSans-BoldItalic.ttf"; path = "../src/assets/fonts/OpenSans-BoldItalic.ttf"; sourceTree = "<group>"; };
		260A000ED8E54FCD8EA7C09D /* OpenSans-Bold.ttf */ = {isa = PBXFileReference; explicitFileType = undefined; fileEncoding = 9; includeInIndex = 0; lastKnownFileType = unknown; name = "OpenSans-Bold.ttf"; path = "../src/assets/fonts/OpenSans-Bold.ttf"; sourceTree = "<group>"; };
		2F78395DD725406F81A860F6 /* FontAwesome6_Regular.ttf */ = {isa = PBXFileReference; explicitFileType = undefined; fileEncoding = 9; includeInIndex = 0; lastKnownFileType = unknown; name = FontAwesome6_Regular.ttf; path = ../src/assets/fonts/FontAwesome6_Regular.ttf; sourceTree = "<group>"; };
		303290ED9B25452EBCBDA137 /* OpenSans_Condensed-Regular.ttf */ = {isa = PBXFileReference; explicitFileType = undefined; fileEncoding = 9; includeInIndex = 0; lastKnownFileType = unknown; name = "OpenSans_Condensed-Regular.ttf"; path = "../src/assets/fonts/OpenSans_Condensed-Regular.ttf"; sourceTree = "<group>"; };
		32AE654C4DE445D6A84FCF24 /* OpenSans_Condensed-ExtraBold.ttf */ = {isa = PBXFileReference; explicitFileType = undefined; fileEncoding = 9; includeInIndex = 0; lastKnownFileType = unknown; name = "OpenSans_Condensed-ExtraBold.ttf"; path = "../src/assets/fonts/OpenSans_Condensed-ExtraBold.ttf"; sourceTree = "<group>"; };
		333BDE313A504C08B52B4F6A /* Fontisto.ttf */ = {isa = PBXFileReference; explicitFileType = undefined; fileEncoding = 9; includeInIndex = 0; lastKnownFileType = unknown; name = Fontisto.ttf; path = ../src/assets/fonts/Fontisto.ttf; sourceTree = "<group>"; };
		341A7D82DEBF4ACAB643C326 /* OpenSans_Condensed-SemiBoldItalic.ttf */ = {isa = PBXFileReference; explicitFileType = undefined; fileEncoding = 9; includeInIndex = 0; lastKnownFileType = unknown; name = "OpenSans_Condensed-SemiBoldItalic.ttf"; path = "../src/assets/fonts/OpenSans_Condensed-SemiBoldItalic.ttf"; sourceTree = "<group>"; };
		36E65A88E7B54AE682320CC7 /* Feather.ttf */ = {isa = PBXFileReference; explicitFileType = undefined; fileEncoding = 9; includeInIndex = 0; lastKnownFileType = unknown; name = Feather.ttf; path = ../src/assets/fonts/Feather.ttf; sourceTree = "<group>"; };
		3B4392A12AC88292D35C810B /* Pods-LoginAnimation.debug.xcconfig */ = {isa = PBXFileReference; includeInIndex = 1; lastKnownFileType = text.xcconfig; name = "Pods-LoginAnimation.debug.xcconfig"; path = "Target Support Files/Pods-LoginAnimation/Pods-LoginAnimation.debug.xcconfig"; sourceTree = "<group>"; };
		455FD1A3217F42CF8A194126 /* OpenSans_SemiCondensed-Italic.ttf */ = {isa = PBXFileReference; explicitFileType = undefined; fileEncoding = 9; includeInIndex = 0; lastKnownFileType = unknown; name = "OpenSans_SemiCondensed-Italic.ttf"; path = "../src/assets/fonts/OpenSans_SemiCondensed-Italic.ttf"; sourceTree = "<group>"; };
		469597CCBFB04963BEF5B38E /* FontAwesome5_Brands.ttf */ = {isa = PBXFileReference; explicitFileType = undefined; fileEncoding = 9; includeInIndex = 0; lastKnownFileType = unknown; name = FontAwesome5_Brands.ttf; path = ../src/assets/fonts/FontAwesome5_Brands.ttf; sourceTree = "<group>"; };
		4B35469C23874E4BB6061F67 /* OpenSans_Condensed-Bold.ttf */ = {isa = PBXFileReference; explicitFileType = undefined; fileEncoding = 9; includeInIndex = 0; lastKnownFileType = unknown; name = "OpenSans_Condensed-Bold.ttf"; path = "../src/assets/fonts/OpenSans_Condensed-Bold.ttf"; sourceTree = "<group>"; };
		51C340A2BAF1451B90E1F47D /* OpenSans_SemiCondensed-Medium.ttf */ = {isa = PBXFileReference; explicitFileType = undefined; fileEncoding = 9; includeInIndex = 0; lastKnownFileType = unknown; name = "OpenSans_SemiCondensed-Medium.ttf"; path = "../src/assets/fonts/OpenSans_SemiCondensed-Medium.ttf"; sourceTree = "<group>"; };
		5288CDBF7EAB46B38CD24366 /* FontAwesome6_Solid.ttf */ = {isa = PBXFileReference; explicitFileType = undefined; fileEncoding = 9; includeInIndex = 0; lastKnownFileType = unknown; name = FontAwesome6_Solid.ttf; path = ../src/assets/fonts/FontAwesome6_Solid.ttf; sourceTree = "<group>"; };
		56D795665A7E440795B9B924 /* Entypo.ttf */ = {isa = PBXFileReference; explicitFileType = undefined; fileEncoding = 9; includeInIndex = 0; lastKnownFileType = unknown; name = Entypo.ttf; path = ../src/assets/fonts/Entypo.ttf; sourceTree = "<group>"; };
		5709B34CF0A7D63546082F79 /* Pods-LoginAnimation.release.xcconfig */ = {isa = PBXFileReference; includeInIndex = 1; lastKnownFileType = text.xcconfig; name = "Pods-LoginAnimation.release.xcconfig"; path = "Target Support Files/Pods-LoginAnimation/Pods-LoginAnimation.release.xcconfig"; sourceTree = "<group>"; };
		5B7EB9410499542E8C5724F5 /* Pods-LoginAnimation-LoginAnimationTests.debug.xcconfig */ = {isa = PBXFileReference; includeInIndex = 1; lastKnownFileType = text.xcconfig; name = "Pods-LoginAnimation-LoginAnimationTests.debug.xcconfig"; path = "Target Support Files/Pods-LoginAnimation-LoginAnimationTests/Pods-LoginAnimation-LoginAnimationTests.debug.xcconfig"; sourceTree = "<group>"; };
		5D87528A48F94E1A908AE86A /* OpenSans-Regular.ttf */ = {isa = PBXFileReference; explicitFileType = undefined; fileEncoding = 9; includeInIndex = 0; lastKnownFileType = unknown; name = "OpenSans-Regular.ttf"; path = "../src/assets/fonts/OpenSans-Regular.ttf"; sourceTree = "<group>"; };
		5DCACB8F33CDC322A6C60F78 /* libPods-LoginAnimation.a */ = {isa = PBXFileReference; explicitFileType = archive.ar; includeInIndex = 0; path = "libPods-LoginAnimation.a"; sourceTree = BUILT_PRODUCTS_DIR; };
		5F38489071D044E59A7327AB /* OpenSans-SemiBold.ttf */ = {isa = PBXFileReference; explicitFileType = undefined; fileEncoding = 9; includeInIndex = 0; lastKnownFileType = unknown; name = "OpenSans-SemiBold.ttf"; path = "../src/assets/fonts/OpenSans-SemiBold.ttf"; sourceTree = "<group>"; };
		6469CCA195EC417F9CC7CDE8 /* OpenSans_SemiCondensed-ExtraBold.ttf */ = {isa = PBXFileReference; explicitFileType = undefined; fileEncoding = 9; includeInIndex = 0; lastKnownFileType = unknown; name = "OpenSans_SemiCondensed-ExtraBold.ttf"; path = "../src/assets/fonts/OpenSans_SemiCondensed-ExtraBold.ttf"; sourceTree = "<group>"; };
		678CF41E11E04EDEA8F93599 /* OpenSans-ExtraBoldItalic.ttf */ = {isa = PBXFileReference; explicitFileType = undefined; fileEncoding = 9; includeInIndex = 0; lastKnownFileType = unknown; name = "OpenSans-ExtraBoldItalic.ttf"; path = "../src/assets/fonts/OpenSans-ExtraBoldItalic.ttf"; sourceTree = "<group>"; };
		6806E54FF4994284995EC064 /* Foundation.ttf */ = {isa = PBXFileReference; explicitFileType = undefined; fileEncoding = 9; includeInIndex = 0; lastKnownFileType = unknown; name = Foundation.ttf; path = ../src/assets/fonts/Foundation.ttf; sourceTree = "<group>"; };
		6A038A24E8F042E886089144 /* Octicons.ttf */ = {isa = PBXFileReference; explicitFileType = undefined; fileEncoding = 9; includeInIndex = 0; lastKnownFileType = unknown; name = Octicons.ttf; path = ../src/assets/fonts/Octicons.ttf; sourceTree = "<group>"; };
		6DE22F542C2A484EB36D6248 /* OpenSans-Medium.ttf */ = {isa = PBXFileReference; explicitFileType = undefined; fileEncoding = 9; includeInIndex = 0; lastKnownFileType = unknown; name = "OpenSans-Medium.ttf"; path = "../src/assets/fonts/OpenSans-Medium.ttf"; sourceTree = "<group>"; };
		763B61F2139B4C7583F9AA04 /* FontAwesome5_Regular.ttf */ = {isa = PBXFileReference; explicitFileType = undefined; fileEncoding = 9; includeInIndex = 0; lastKnownFileType = unknown; name = FontAwesome5_Regular.ttf; path = ../src/assets/fonts/FontAwesome5_Regular.ttf; sourceTree = "<group>"; };
		76DC8BCC5DFF447E8274EA4B /* OpenSans_SemiCondensed-ExtraBoldItalic.ttf */ = {isa = PBXFileReference; explicitFileType = undefined; fileEncoding = 9; includeInIndex = 0; lastKnownFileType = unknown; name = "OpenSans_SemiCondensed-ExtraBoldItalic.ttf"; path = "../src/assets/fonts/OpenSans_SemiCondensed-ExtraBoldItalic.ttf"; sourceTree = "<group>"; };
		770F54BF6DFE4DDC8B3D352B /* MaterialIcons.ttf */ = {isa = PBXFileReference; explicitFileType = undefined; fileEncoding = 9; includeInIndex = 0; lastKnownFileType = unknown; name = MaterialIcons.ttf; path = ../src/assets/fonts/MaterialIcons.ttf; sourceTree = "<group>"; };
		81AB9BB72411601600AC10FF /* LaunchScreen.storyboard */ = {isa = PBXFileReference; fileEncoding = 4; lastKnownFileType = file.storyboard; name = LaunchScreen.storyboard; path = LoginAnimation/LaunchScreen.storyboard; sourceTree = "<group>"; };
		84D34A70892B4CB1AABEFFED /* OpenSans-ExtraBold.ttf */ = {isa = PBXFileReference; explicitFileType = undefined; fileEncoding = 9; includeInIndex = 0; lastKnownFileType = unknown; name = "OpenSans-ExtraBold.ttf"; path = "../src/assets/fonts/OpenSans-ExtraBold.ttf"; sourceTree = "<group>"; };
		89C6BE57DB24E9ADA2F236DE /* Pods-LoginAnimation-LoginAnimationTests.release.xcconfig */ = {isa = PBXFileReference; includeInIndex = 1; lastKnownFileType = text.xcconfig; name = "Pods-LoginAnimation-LoginAnimationTests.release.xcconfig"; path = "Target Support Files/Pods-LoginAnimation-LoginAnimationTests/Pods-LoginAnimation-LoginAnimationTests.release.xcconfig"; sourceTree = "<group>"; };
		961F01AE3FEA446B8889C98C /* OpenSans_Condensed-BoldItalic.ttf */ = {isa = PBXFileReference; explicitFileType = undefined; fileEncoding = 9; includeInIndex = 0; lastKnownFileType = unknown; name = "OpenSans_Condensed-BoldItalic.ttf"; path = "../src/assets/fonts/OpenSans_Condensed-BoldItalic.ttf"; sourceTree = "<group>"; };
		96C40C59E6454BE08FD3B996 /* Zocial.ttf */ = {isa = PBXFileReference; explicitFileType = undefined; fileEncoding = 9; includeInIndex = 0; lastKnownFileType = unknown; name = Zocial.ttf; path = ../src/assets/fonts/Zocial.ttf; sourceTree = "<group>"; };
		9F1DA710809640C98B996354 /* AntDesign.ttf */ = {isa = PBXFileReference; explicitFileType = undefined; fileEncoding = 9; includeInIndex = 0; lastKnownFileType = unknown; name = AntDesign.ttf; path = ../src/assets/fonts/AntDesign.ttf; sourceTree = "<group>"; };
		AA1ADEC616B54313B92F7217 /* FontAwesome5_Solid.ttf */ = {isa = PBXFileReference; explicitFileType = undefined; fileEncoding = 9; includeInIndex = 0; lastKnownFileType = unknown; name = FontAwesome5_Solid.ttf; path = ../src/assets/fonts/FontAwesome5_Solid.ttf; sourceTree = "<group>"; };
		AA4D6389E83C482DB42B7183 /* OpenSans_Condensed-LightItalic.ttf */ = {isa = PBXFileReference; explicitFileType = undefined; fileEncoding = 9; includeInIndex = 0; lastKnownFileType = unknown; name = "OpenSans_Condensed-LightItalic.ttf"; path = "../src/assets/fonts/OpenSans_Condensed-LightItalic.ttf"; sourceTree = "<group>"; };
		AAAA5EA09A3D405CBAA6C266 /* Ionicons.ttf */ = {isa = PBXFileReference; explicitFileType = undefined; fileEncoding = 9; includeInIndex = 0; lastKnownFileType = unknown; name = Ionicons.ttf; path = ../src/assets/fonts/Ionicons.ttf; sourceTree = "<group>"; };
		B3929AE9AB464539954327AD /* OpenSans_SemiCondensed-BoldItalic.ttf */ = {isa = PBXFileReference; explicitFileType = undefined; fileEncoding = 9; includeInIndex = 0; lastKnownFileType = unknown; name = "OpenSans_SemiCondensed-BoldItalic.ttf"; path = "../src/assets/fonts/OpenSans_SemiCondensed-BoldItalic.ttf"; sourceTree = "<group>"; };
		B8AAD8EBE51C43C6B2F030E5 /* OpenSans-Italic.ttf */ = {isa = PBXFileReference; explicitFileType = undefined; fileEncoding = 9; includeInIndex = 0; lastKnownFileType = unknown; name = "OpenSans-Italic.ttf"; path = "../src/assets/fonts/OpenSans-Italic.ttf"; sourceTree = "<group>"; };
		BEBF0E4510D24BCF8C6E89BE /* MaterialCommunityIcons.ttf */ = {isa = PBXFileReference; explicitFileType = undefined; fileEncoding = 9; includeInIndex = 0; lastKnownFileType = unknown; name = MaterialCommunityIcons.ttf; path = ../src/assets/fonts/MaterialCommunityIcons.ttf; sourceTree = "<group>"; };
		C13ED0F96A4D4D6FBE7BAB76 /* OpenSans_SemiCondensed-MediumItalic.ttf */ = {isa = PBXFileReference; explicitFileType = undefined; fileEncoding = 9; includeInIndex = 0; lastKnownFileType = unknown; name = "OpenSans_SemiCondensed-MediumItalic.ttf"; path = "../src/assets/fonts/OpenSans_SemiCondensed-MediumItalic.ttf"; sourceTree = "<group>"; };
		C39ED511BFFB473E999B7AFA /* OpenSans-MediumItalic.ttf */ = {isa = PBXFileReference; explicitFileType = undefined; fileEncoding = 9; includeInIndex = 0; lastKnownFileType = unknown; name = "OpenSans-MediumItalic.ttf"; path = "../src/assets/fonts/OpenSans-MediumItalic.ttf"; sourceTree = "<group>"; };
		C3F58BBB18FB4647B8C0A22B /* EvilIcons.ttf */ = {isa = PBXFileReference; explicitFileType = undefined; fileEncoding = 9; includeInIndex = 0; lastKnownFileType = unknown; name = EvilIcons.ttf; path = ../src/assets/fonts/EvilIcons.ttf; sourceTree = "<group>"; };
		CB5F8205C7104A3F9569A695 /* OpenSans_Condensed-MediumItalic.ttf */ = {isa = PBXFileReference; explicitFileType = undefined; fileEncoding = 9; includeInIndex = 0; lastKnownFileType = unknown; name = "OpenSans_Condensed-MediumItalic.ttf"; path = "../src/assets/fonts/OpenSans_Condensed-MediumItalic.ttf"; sourceTree = "<group>"; };
		CC953218794444D4AC087A56 /* OpenSans_Condensed-Light.ttf */ = {isa = PBXFileReference; explicitFileType = undefined; fileEncoding = 9; includeInIndex = 0; lastKnownFileType = unknown; name = "OpenSans_Condensed-Light.ttf"; path = "../src/assets/fonts/OpenSans_Condensed-Light.ttf"; sourceTree = "<group>"; };
		D88A7B6E6BBE4DC699BFED40 /* FontAwesome.ttf */ = {isa = PBXFileReference; explicitFileType = undefined; fileEncoding = 9; includeInIndex = 0; lastKnownFileType = unknown; name = FontAwesome.ttf; path = ../src/assets/fonts/FontAwesome.ttf; sourceTree = "<group>"; };
		DF9DF41A69CF4FB5AE1974F7 /* OpenSans-Light.ttf */ = {isa = PBXFileReference; explicitFileType = undefined; fileEncoding = 9; includeInIndex = 0; lastKnownFileType = unknown; name = "OpenSans-Light.ttf"; path = "../src/assets/fonts/OpenSans-Light.ttf"; sourceTree = "<group>"; };
		E01FF7107E844B078E9F1A02 /* OpenSans_Condensed-Medium.ttf */ = {isa = PBXFileReference; explicitFileType = undefined; fileEncoding = 9; includeInIndex = 0; lastKnownFileType = unknown; name = "OpenSans_Condensed-Medium.ttf"; path = "../src/assets/fonts/OpenSans_Condensed-Medium.ttf"; sourceTree = "<group>"; };
		E41EEAC62184BF8ACA2508F5 /* PrivacyInfo.xcprivacy */ = {isa = PBXFileReference; includeInIndex = 1; lastKnownFileType = text.xml; name = PrivacyInfo.xcprivacy; path = LoginAnimation/PrivacyInfo.xcprivacy; sourceTree = "<group>"; };
		E4B47AAF860244DCA977CA0D /* OpenSans-LightItalic.ttf */ = {isa = PBXFileReference; explicitFileType = undefined; fileEncoding = 9; includeInIndex = 0; lastKnownFileType = unknown; name = "OpenSans-LightItalic.ttf"; path = "../src/assets/fonts/OpenSans-LightItalic.ttf"; sourceTree = "<group>"; };
		E7764D72658043ACA2AF67CF /* OpenSans_SemiCondensed-Light.ttf */ = {isa = PBXFileReference; explicitFileType = undefined; fileEncoding = 9; includeInIndex = 0; lastKnownFileType = unknown; name = "OpenSans_SemiCondensed-Light.ttf"; path = "../src/assets/fonts/OpenSans_SemiCondensed-Light.ttf"; sourceTree = "<group>"; };
		EBFDE8E88FF94095A67B6C6C /* OpenSans_Condensed-ExtraBoldItalic.ttf */ = {isa = PBXFileReference; explicitFileType = undefined; fileEncoding = 9; includeInIndex = 0; lastKnownFileType = unknown; name = "OpenSans_Condensed-ExtraBoldItalic.ttf"; path = "../src/assets/fonts/OpenSans_Condensed-ExtraBoldItalic.ttf"; sourceTree = "<group>"; };
		ED297162215061F000B7C4FE /* JavaScriptCore.framework */ = {isa = PBXFileReference; lastKnownFileType = wrapper.framework; name = JavaScriptCore.framework; path = System/Library/Frameworks/JavaScriptCore.framework; sourceTree = SDKROOT; };
		EDF9332CD5C845C18711C8CC /* OpenSans_SemiCondensed-SemiBoldItalic.ttf */ = {isa = PBXFileReference; explicitFileType = undefined; fileEncoding = 9; includeInIndex = 0; lastKnownFileType = unknown; name = "OpenSans_SemiCondensed-SemiBoldItalic.ttf"; path = "../src/assets/fonts/OpenSans_SemiCondensed-SemiBoldItalic.ttf"; sourceTree = "<group>"; };
		F55D9A8FE8CA42ABB9B32A85 /* OpenSans_SemiCondensed-Bold.ttf */ = {isa = PBXFileReference; explicitFileType = undefined; fileEncoding = 9; includeInIndex = 0; lastKnownFileType = unknown; name = "OpenSans_SemiCondensed-Bold.ttf"; path = "../src/assets/fonts/OpenSans_SemiCondensed-Bold.ttf"; sourceTree = "<group>"; };
		F6C0FB0F4F1845CEABBDBE20 /* FontAwesome6_Brands.ttf */ = {isa = PBXFileReference; explicitFileType = undefined; fileEncoding = 9; includeInIndex = 0; lastKnownFileType = unknown; name = FontAwesome6_Brands.ttf; path = ../src/assets/fonts/FontAwesome6_Brands.ttf; sourceTree = "<group>"; };
		F877818B285A4EDCA314B690 /* OpenSans_Condensed-SemiBold.ttf */ = {isa = PBXFileReference; explicitFileType = undefined; fileEncoding = 9; includeInIndex = 0; lastKnownFileType = unknown; name = "OpenSans_Condensed-SemiBold.ttf"; path = "../src/assets/fonts/OpenSans_Condensed-SemiBold.ttf"; sourceTree = "<group>"; };
		FE850973ACF542048CE28468 /* OpenSans_Condensed-Italic.ttf */ = {isa = PBXFileReference; explicitFileType = undefined; fileEncoding = 9; includeInIndex = 0; lastKnownFileType = unknown; name = "OpenSans_Condensed-Italic.ttf"; path = "../src/assets/fonts/OpenSans_Condensed-Italic.ttf"; sourceTree = "<group>"; };
/* End PBXFileReference section */

/* Begin PBXFrameworksBuildPhase section */
		00E356EB1AD99517003FC87E /* Frameworks */ = {
			isa = PBXFrameworksBuildPhase;
			buildActionMask = 2147483647;
			files = (
				7699B88040F8A987B510C191 /* libPods-LoginAnimation-LoginAnimationTests.a in Frameworks */,
			);
			runOnlyForDeploymentPostprocessing = 0;
		};
		13B07F8C1A680F5B00A75B9A /* Frameworks */ = {
			isa = PBXFrameworksBuildPhase;
			buildActionMask = 2147483647;
			files = (
				0C80B921A6F3F58F76C31292 /* libPods-LoginAnimation.a in Frameworks */,
			);
			runOnlyForDeploymentPostprocessing = 0;
		};
/* End PBXFrameworksBuildPhase section */

/* Begin PBXGroup section */
		00E356EF1AD99517003FC87E /* LoginAnimationTests */ = {
			isa = PBXGroup;
			children = (
				00E356F21AD99517003FC87E /* LoginAnimationTests.m */,
				00E356F01AD99517003FC87E /* Supporting Files */,
			);
			path = LoginAnimationTests;
			sourceTree = "<group>";
		};
		00E356F01AD99517003FC87E /* Supporting Files */ = {
			isa = PBXGroup;
			children = (
				00E356F11AD99517003FC87E /* Info.plist */,
			);
			name = "Supporting Files";
			sourceTree = "<group>";
		};
		13B07FAE1A68108700A75B9A /* LoginAnimation */ = {
			isa = PBXGroup;
			children = (
				13B07FAF1A68108700A75B9A /* AppDelegate.h */,
				13B07FB01A68108700A75B9A /* AppDelegate.mm */,
				13B07FB51A68108700A75B9A /* Images.xcassets */,
				13B07FB61A68108700A75B9A /* Info.plist */,
				81AB9BB72411601600AC10FF /* LaunchScreen.storyboard */,
				13B07FB71A68108700A75B9A /* main.m */,
				13B07FB81A68108700A75B9A /* PrivacyInfo.xcprivacy */,
				E41EEAC62184BF8ACA2508F5 /* PrivacyInfo.xcprivacy */,
			);
			name = LoginAnimation;
			sourceTree = "<group>";
		};
		2D16E6871FA4F8E400B85C8A /* Frameworks */ = {
			isa = PBXGroup;
			children = (
				ED297162215061F000B7C4FE /* JavaScriptCore.framework */,
				5DCACB8F33CDC322A6C60F78 /* libPods-LoginAnimation.a */,
				19F6CBCC0A4E27FBF8BF4A61 /* libPods-LoginAnimation-LoginAnimationTests.a */,
			);
			name = Frameworks;
			sourceTree = "<group>";
		};
		832341AE1AAA6A7D00B99B32 /* Libraries */ = {
			isa = PBXGroup;
			children = (
			);
			name = Libraries;
			sourceTree = "<group>";
		};
		83CBB9F61A601CBA00E9B192 = {
			isa = PBXGroup;
			children = (
				13B07FAE1A68108700A75B9A /* LoginAnimation */,
				832341AE1AAA6A7D00B99B32 /* Libraries */,
				00E356EF1AD99517003FC87E /* LoginAnimationTests */,
				83CBBA001A601CBA00E9B192 /* Products */,
				2D16E6871FA4F8E400B85C8A /* Frameworks */,
				BBD78D7AC51CEA395F1C20DB /* Pods */,
				852EC40A527643FEA1C05F0C /* Resources */,
			);
			indentWidth = 2;
			sourceTree = "<group>";
			tabWidth = 2;
			usesTabs = 0;
		};
		83CBBA001A601CBA00E9B192 /* Products */ = {
			isa = PBXGroup;
			children = (
				13B07F961A680F5B00A75B9A /* LoginAnimation.app */,
				00E356EE1AD99517003FC87E /* LoginAnimationTests.xctest */,
			);
			name = Products;
			sourceTree = "<group>";
		};
		852EC40A527643FEA1C05F0C /* Resources */ = {
			isa = PBXGroup;
			children = (
				9F1DA710809640C98B996354 /* AntDesign.ttf */,
				56D795665A7E440795B9B924 /* Entypo.ttf */,
				C3F58BBB18FB4647B8C0A22B /* EvilIcons.ttf */,
				36E65A88E7B54AE682320CC7 /* Feather.ttf */,
				D88A7B6E6BBE4DC699BFED40 /* FontAwesome.ttf */,
				469597CCBFB04963BEF5B38E /* FontAwesome5_Brands.ttf */,
				763B61F2139B4C7583F9AA04 /* FontAwesome5_Regular.ttf */,
				AA1ADEC616B54313B92F7217 /* FontAwesome5_Solid.ttf */,
				F6C0FB0F4F1845CEABBDBE20 /* FontAwesome6_Brands.ttf */,
				2F78395DD725406F81A860F6 /* FontAwesome6_Regular.ttf */,
				5288CDBF7EAB46B38CD24366 /* FontAwesome6_Solid.ttf */,
				333BDE313A504C08B52B4F6A /* Fontisto.ttf */,
				6806E54FF4994284995EC064 /* Foundation.ttf */,
				AAAA5EA09A3D405CBAA6C266 /* Ionicons.ttf */,
				BEBF0E4510D24BCF8C6E89BE /* MaterialCommunityIcons.ttf */,
				770F54BF6DFE4DDC8B3D352B /* MaterialIcons.ttf */,
				6A038A24E8F042E886089144 /* Octicons.ttf */,
				260A000ED8E54FCD8EA7C09D /* OpenSans-Bold.ttf */,
				21FBDFA98B5C4E2997992E78 /* OpenSans-BoldItalic.ttf */,
				84D34A70892B4CB1AABEFFED /* OpenSans-ExtraBold.ttf */,
				678CF41E11E04EDEA8F93599 /* OpenSans-ExtraBoldItalic.ttf */,
				B8AAD8EBE51C43C6B2F030E5 /* OpenSans-Italic.ttf */,
				DF9DF41A69CF4FB5AE1974F7 /* OpenSans-Light.ttf */,
				E4B47AAF860244DCA977CA0D /* OpenSans-LightItalic.ttf */,
				6DE22F542C2A484EB36D6248 /* OpenSans-Medium.ttf */,
				C39ED511BFFB473E999B7AFA /* OpenSans-MediumItalic.ttf */,
				5D87528A48F94E1A908AE86A /* OpenSans-Regular.ttf */,
				5F38489071D044E59A7327AB /* OpenSans-SemiBold.ttf */,
				18769342BCDE4B18A60DC454 /* OpenSans-SemiBoldItalic.ttf */,
				4B35469C23874E4BB6061F67 /* OpenSans_Condensed-Bold.ttf */,
				961F01AE3FEA446B8889C98C /* OpenSans_Condensed-BoldItalic.ttf */,
				32AE654C4DE445D6A84FCF24 /* OpenSans_Condensed-ExtraBold.ttf */,
				EBFDE8E88FF94095A67B6C6C /* OpenSans_Condensed-ExtraBoldItalic.ttf */,
				FE850973ACF542048CE28468 /* OpenSans_Condensed-Italic.ttf */,
				CC953218794444D4AC087A56 /* OpenSans_Condensed-Light.ttf */,
				AA4D6389E83C482DB42B7183 /* OpenSans_Condensed-LightItalic.ttf */,
				E01FF7107E844B078E9F1A02 /* OpenSans_Condensed-Medium.ttf */,
				CB5F8205C7104A3F9569A695 /* OpenSans_Condensed-MediumItalic.ttf */,
				303290ED9B25452EBCBDA137 /* OpenSans_Condensed-Regular.ttf */,
				F877818B285A4EDCA314B690 /* OpenSans_Condensed-SemiBold.ttf */,
				341A7D82DEBF4ACAB643C326 /* OpenSans_Condensed-SemiBoldItalic.ttf */,
				F55D9A8FE8CA42ABB9B32A85 /* OpenSans_SemiCondensed-Bold.ttf */,
				B3929AE9AB464539954327AD /* OpenSans_SemiCondensed-BoldItalic.ttf */,
				6469CCA195EC417F9CC7CDE8 /* OpenSans_SemiCondensed-ExtraBold.ttf */,
				76DC8BCC5DFF447E8274EA4B /* OpenSans_SemiCondensed-ExtraBoldItalic.ttf */,
				455FD1A3217F42CF8A194126 /* OpenSans_SemiCondensed-Italic.ttf */,
				E7764D72658043ACA2AF67CF /* OpenSans_SemiCondensed-Light.ttf */,
				1DBB7C8716FD4811AC7D0B38 /* OpenSans_SemiCondensed-LightItalic.ttf */,
				51C340A2BAF1451B90E1F47D /* OpenSans_SemiCondensed-Medium.ttf */,
				C13ED0F96A4D4D6FBE7BAB76 /* OpenSans_SemiCondensed-MediumItalic.ttf */,
				1949050F53A2447DAE8EAFDC /* OpenSans_SemiCondensed-Regular.ttf */,
				0220BA0837554B808DB600FE /* OpenSans_SemiCondensed-SemiBold.ttf */,
				EDF9332CD5C845C18711C8CC /* OpenSans_SemiCondensed-SemiBoldItalic.ttf */,
				041452EAA352441A9AA93E9B /* SimpleLineIcons.ttf */,
				96C40C59E6454BE08FD3B996 /* Zocial.ttf */,
			);
			name = Resources;
			sourceTree = "<group>";
		};
		BBD78D7AC51CEA395F1C20DB /* Pods */ = {
			isa = PBXGroup;
			children = (
				3B4392A12AC88292D35C810B /* Pods-LoginAnimation.debug.xcconfig */,
				5709B34CF0A7D63546082F79 /* Pods-LoginAnimation.release.xcconfig */,
				5B7EB9410499542E8C5724F5 /* Pods-LoginAnimation-LoginAnimationTests.debug.xcconfig */,
				89C6BE57DB24E9ADA2F236DE /* Pods-LoginAnimation-LoginAnimationTests.release.xcconfig */,
			);
			path = Pods;
			sourceTree = "<group>";
		};
/* End PBXGroup section */

/* Begin PBXNativeTarget section */
		00E356ED1AD99517003FC87E /* LoginAnimationTests */ = {
			isa = PBXNativeTarget;
			buildConfigurationList = 00E357021AD99517003FC87E /* Build configuration list for PBXNativeTarget "LoginAnimationTests" */;
			buildPhases = (
				A55EABD7B0C7F3A422A6CC61 /* [CP] Check Pods Manifest.lock */,
				00E356EA1AD99517003FC87E /* Sources */,
				00E356EB1AD99517003FC87E /* Frameworks */,
				00E356EC1AD99517003FC87E /* Resources */,
				C59DA0FBD6956966B86A3779 /* [CP] Embed Pods Frameworks */,
				F6A41C54EA430FDDC6A6ED99 /* [CP] Copy Pods Resources */,
			);
			buildRules = (
			);
			dependencies = (
				00E356F51AD99517003FC87E /* PBXTargetDependency */,
			);
			name = LoginAnimationTests;
			productName = LoginAnimationTests;
			productReference = 00E356EE1AD99517003FC87E /* LoginAnimationTests.xctest */;
			productType = "com.apple.product-type.bundle.unit-test";
		};
		13B07F861A680F5B00A75B9A /* LoginAnimation */ = {
			isa = PBXNativeTarget;
			buildConfigurationList = 13B07F931A680F5B00A75B9A /* Build configuration list for PBXNativeTarget "LoginAnimation" */;
			buildPhases = (
				C38B50BA6285516D6DCD4F65 /* [CP] Check Pods Manifest.lock */,
				13B07F871A680F5B00A75B9A /* Sources */,
				13B07F8C1A680F5B00A75B9A /* Frameworks */,
				13B07F8E1A680F5B00A75B9A /* Resources */,
				00DD1BFF1BD5951E006B06BC /* Bundle React Native code and images */,
				00EEFC60759A1932668264C0 /* [CP] Embed Pods Frameworks */,
				E235C05ADACE081382539298 /* [CP] Copy Pods Resources */,
			);
			buildRules = (
			);
			dependencies = (
			);
			name = LoginAnimation;
			productName = LoginAnimation;
			productReference = 13B07F961A680F5B00A75B9A /* LoginAnimation.app */;
			productType = "com.apple.product-type.application";
		};
/* End PBXNativeTarget section */

/* Begin PBXProject section */
		83CBB9F71A601CBA00E9B192 /* Project object */ = {
			isa = PBXProject;
			attributes = {
				LastUpgradeCheck = 1210;
				TargetAttributes = {
					00E356ED1AD99517003FC87E = {
						CreatedOnToolsVersion = 6.2;
						TestTargetID = 13B07F861A680F5B00A75B9A;
					};
					13B07F861A680F5B00A75B9A = {
						LastSwiftMigration = 1120;
					};
				};
			};
			buildConfigurationList = 83CBB9FA1A601CBA00E9B192 /* Build configuration list for PBXProject "LoginAnimation" */;
			compatibilityVersion = "Xcode 12.0";
			developmentRegion = en;
			hasScannedForEncodings = 0;
			knownRegions = (
				en,
				Base,
			);
			mainGroup = 83CBB9F61A601CBA00E9B192;
			productRefGroup = 83CBBA001A601CBA00E9B192 /* Products */;
			projectDirPath = "";
			projectRoot = "";
			targets = (
				13B07F861A680F5B00A75B9A /* LoginAnimation */,
				00E356ED1AD99517003FC87E /* LoginAnimationTests */,
			);
		};
/* End PBXProject section */

/* Begin PBXResourcesBuildPhase section */
		00E356EC1AD99517003FC87E /* Resources */ = {
			isa = PBXResourcesBuildPhase;
			buildActionMask = 2147483647;
			files = (
			);
			runOnlyForDeploymentPostprocessing = 0;
		};
		13B07F8E1A680F5B00A75B9A /* Resources */ = {
			isa = PBXResourcesBuildPhase;
			buildActionMask = 2147483647;
			files = (
				735980E52C5B593C008B2E9A /* OpenSans-Bold.ttf in Resources */,
				735980E62C5B593C008B2E9A /* OpenSans-BoldItalic.ttf in Resources */,
				735980E72C5B593C008B2E9A /* OpenSans-ExtraBold.ttf in Resources */,
				735980E82C5B593C008B2E9A /* OpenSans-ExtraBoldItalic.ttf in Resources */,
				735980E92C5B593C008B2E9A /* OpenSans-Italic.ttf in Resources */,
				735980EA2C5B593C008B2E9A /* OpenSans-Light.ttf in Resources */,
				735980EB2C5B593C008B2E9A /* OpenSans-LightItalic.ttf in Resources */,
				735980EC2C5B593C008B2E9A /* OpenSans-Medium.ttf in Resources */,
				735980ED2C5B593C008B2E9A /* OpenSans-MediumItalic.ttf in Resources */,
				735980EE2C5B593C008B2E9A /* OpenSans-Regular.ttf in Resources */,
				735980EF2C5B593C008B2E9A /* OpenSans-SemiBold.ttf in Resources */,
				735980F02C5B593C008B2E9A /* OpenSans-SemiBoldItalic.ttf in Resources */,
				735980F12C5B593C008B2E9A /* OpenSans_Condensed-Bold.ttf in Resources */,
				735980F22C5B593C008B2E9A /* OpenSans_Condensed-BoldItalic.ttf in Resources */,
				735980F32C5B593C008B2E9A /* OpenSans_Condensed-ExtraBold.ttf in Resources */,
				735980F42C5B593C008B2E9A /* OpenSans_Condensed-ExtraBoldItalic.ttf in Resources */,
				735980F52C5B593C008B2E9A /* OpenSans_Condensed-Italic.ttf in Resources */,
				735980F62C5B593C008B2E9A /* OpenSans_Condensed-Light.ttf in Resources */,
				735980F72C5B593C008B2E9A /* OpenSans_Condensed-LightItalic.ttf in Resources */,
				735980F82C5B593C008B2E9A /* OpenSans_Condensed-Medium.ttf in Resources */,
				735980F92C5B593C008B2E9A /* OpenSans_Condensed-MediumItalic.ttf in Resources */,
				735980FA2C5B593C008B2E9A /* OpenSans_Condensed-Regular.ttf in Resources */,
				735980FB2C5B593C008B2E9A /* OpenSans_Condensed-SemiBold.ttf in Resources */,
				735980FC2C5B593C008B2E9A /* OpenSans_Condensed-SemiBoldItalic.ttf in Resources */,
				735980FD2C5B593C008B2E9A /* OpenSans_SemiCondensed-Bold.ttf in Resources */,
				735980FE2C5B593C008B2E9A /* OpenSans_SemiCondensed-BoldItalic.ttf in Resources */,
				735980FF2C5B593C008B2E9A /* OpenSans_SemiCondensed-ExtraBold.ttf in Resources */,
				735981002C5B593C008B2E9A /* OpenSans_SemiCondensed-ExtraBoldItalic.ttf in Resources */,
				735981012C5B593C008B2E9A /* OpenSans_SemiCondensed-Italic.ttf in Resources */,
				735981022C5B593C008B2E9A /* OpenSans_SemiCondensed-Light.ttf in Resources */,
				735981032C5B593C008B2E9A /* OpenSans_SemiCondensed-LightItalic.ttf in Resources */,
				735981042C5B593C008B2E9A /* OpenSans_SemiCondensed-Medium.ttf in Resources */,
				735981052C5B593C008B2E9A /* OpenSans_SemiCondensed-MediumItalic.ttf in Resources */,
				735981062C5B593C008B2E9A /* OpenSans_SemiCondensed-Regular.ttf in Resources */,
				735981072C5B593C008B2E9A /* OpenSans_SemiCondensed-SemiBold.ttf in Resources */,
				735981082C5B593C008B2E9A /* OpenSans_SemiCondensed-SemiBoldItalic.ttf in Resources */,
				81AB9BB82411601600AC10FF /* LaunchScreen.storyboard in Resources */,
				13B07FBF1A68108700A75B9A /* Images.xcassets in Resources */,
				B7E356AA5A4F004753A6328A /* PrivacyInfo.xcprivacy in Resources */,
			);
			runOnlyForDeploymentPostprocessing = 0;
		};
/* End PBXResourcesBuildPhase section */

/* Begin PBXShellScriptBuildPhase section */
		00DD1BFF1BD5951E006B06BC /* Bundle React Native code and images */ = {
			isa = PBXShellScriptBuildPhase;
			buildActionMask = 2147483647;
			files = (
			);
			inputPaths = (
				"$(SRCROOT)/.xcode.env.local",
				"$(SRCROOT)/.xcode.env",
			);
			name = "Bundle React Native code and images";
			outputPaths = (
			);
			runOnlyForDeploymentPostprocessing = 0;
			shellPath = /bin/sh;
			shellScript = "set -e\n\nWITH_ENVIRONMENT=\"$REACT_NATIVE_PATH/scripts/xcode/with-environment.sh\"\nREACT_NATIVE_XCODE=\"$REACT_NATIVE_PATH/scripts/react-native-xcode.sh\"\n\n/bin/sh -c \"$WITH_ENVIRONMENT $REACT_NATIVE_XCODE\"\n";
		};
		00EEFC60759A1932668264C0 /* [CP] Embed Pods Frameworks */ = {
			isa = PBXShellScriptBuildPhase;
			buildActionMask = 2147483647;
			files = (
			);
			inputFileListPaths = (
				"${PODS_ROOT}/Target Support Files/Pods-LoginAnimation/Pods-LoginAnimation-frameworks-${CONFIGURATION}-input-files.xcfilelist",
			);
			name = "[CP] Embed Pods Frameworks";
			outputFileListPaths = (
				"${PODS_ROOT}/Target Support Files/Pods-LoginAnimation/Pods-LoginAnimation-frameworks-${CONFIGURATION}-output-files.xcfilelist",
			);
			runOnlyForDeploymentPostprocessing = 0;
			shellPath = /bin/sh;
			shellScript = "\"${PODS_ROOT}/Target Support Files/Pods-LoginAnimation/Pods-LoginAnimation-frameworks.sh\"\n";
			showEnvVarsInLog = 0;
		};
		A55EABD7B0C7F3A422A6CC61 /* [CP] Check Pods Manifest.lock */ = {
			isa = PBXShellScriptBuildPhase;
			buildActionMask = 2147483647;
			files = (
			);
			inputFileListPaths = (
			);
			inputPaths = (
				"${PODS_PODFILE_DIR_PATH}/Podfile.lock",
				"${PODS_ROOT}/Manifest.lock",
			);
			name = "[CP] Check Pods Manifest.lock";
			outputFileListPaths = (
			);
			outputPaths = (
				"$(DERIVED_FILE_DIR)/Pods-LoginAnimation-LoginAnimationTests-checkManifestLockResult.txt",
			);
			runOnlyForDeploymentPostprocessing = 0;
			shellPath = /bin/sh;
			shellScript = "diff \"${PODS_PODFILE_DIR_PATH}/Podfile.lock\" \"${PODS_ROOT}/Manifest.lock\" > /dev/null\nif [ $? != 0 ] ; then\n    # print error to STDERR\n    echo \"error: The sandbox is not in sync with the Podfile.lock. Run 'pod install' or update your CocoaPods installation.\" >&2\n    exit 1\nfi\n# This output is used by Xcode 'outputs' to avoid re-running this script phase.\necho \"SUCCESS\" > \"${SCRIPT_OUTPUT_FILE_0}\"\n";
			showEnvVarsInLog = 0;
		};
		C38B50BA6285516D6DCD4F65 /* [CP] Check Pods Manifest.lock */ = {
			isa = PBXShellScriptBuildPhase;
			buildActionMask = 2147483647;
			files = (
			);
			inputFileListPaths = (
			);
			inputPaths = (
				"${PODS_PODFILE_DIR_PATH}/Podfile.lock",
				"${PODS_ROOT}/Manifest.lock",
			);
			name = "[CP] Check Pods Manifest.lock";
			outputFileListPaths = (
			);
			outputPaths = (
				"$(DERIVED_FILE_DIR)/Pods-LoginAnimation-checkManifestLockResult.txt",
			);
			runOnlyForDeploymentPostprocessing = 0;
			shellPath = /bin/sh;
			shellScript = "diff \"${PODS_PODFILE_DIR_PATH}/Podfile.lock\" \"${PODS_ROOT}/Manifest.lock\" > /dev/null\nif [ $? != 0 ] ; then\n    # print error to STDERR\n    echo \"error: The sandbox is not in sync with the Podfile.lock. Run 'pod install' or update your CocoaPods installation.\" >&2\n    exit 1\nfi\n# This output is used by Xcode 'outputs' to avoid re-running this script phase.\necho \"SUCCESS\" > \"${SCRIPT_OUTPUT_FILE_0}\"\n";
			showEnvVarsInLog = 0;
		};
		C59DA0FBD6956966B86A3779 /* [CP] Embed Pods Frameworks */ = {
			isa = PBXShellScriptBuildPhase;
			buildActionMask = 2147483647;
			files = (
			);
			inputFileListPaths = (
				"${PODS_ROOT}/Target Support Files/Pods-LoginAnimation-LoginAnimationTests/Pods-LoginAnimation-LoginAnimationTests-frameworks-${CONFIGURATION}-input-files.xcfilelist",
			);
			name = "[CP] Embed Pods Frameworks";
			outputFileListPaths = (
				"${PODS_ROOT}/Target Support Files/Pods-LoginAnimation-LoginAnimationTests/Pods-LoginAnimation-LoginAnimationTests-frameworks-${CONFIGURATION}-output-files.xcfilelist",
			);
			runOnlyForDeploymentPostprocessing = 0;
			shellPath = /bin/sh;
			shellScript = "\"${PODS_ROOT}/Target Support Files/Pods-LoginAnimation-LoginAnimationTests/Pods-LoginAnimation-LoginAnimationTests-frameworks.sh\"\n";
			showEnvVarsInLog = 0;
		};
		E235C05ADACE081382539298 /* [CP] Copy Pods Resources */ = {
			isa = PBXShellScriptBuildPhase;
			buildActionMask = 2147483647;
			files = (
			);
			inputFileListPaths = (
				"${PODS_ROOT}/Target Support Files/Pods-LoginAnimation/Pods-LoginAnimation-resources-${CONFIGURATION}-input-files.xcfilelist",
			);
			name = "[CP] Copy Pods Resources";
			outputFileListPaths = (
				"${PODS_ROOT}/Target Support Files/Pods-LoginAnimation/Pods-LoginAnimation-resources-${CONFIGURATION}-output-files.xcfilelist",
			);
			runOnlyForDeploymentPostprocessing = 0;
			shellPath = /bin/sh;
			shellScript = "\"${PODS_ROOT}/Target Support Files/Pods-LoginAnimation/Pods-LoginAnimation-resources.sh\"\n";
			showEnvVarsInLog = 0;
		};
		F6A41C54EA430FDDC6A6ED99 /* [CP] Copy Pods Resources */ = {
			isa = PBXShellScriptBuildPhase;
			buildActionMask = 2147483647;
			files = (
			);
			inputFileListPaths = (
				"${PODS_ROOT}/Target Support Files/Pods-LoginAnimation-LoginAnimationTests/Pods-LoginAnimation-LoginAnimationTests-resources-${CONFIGURATION}-input-files.xcfilelist",
			);
			name = "[CP] Copy Pods Resources";
			outputFileListPaths = (
				"${PODS_ROOT}/Target Support Files/Pods-LoginAnimation-LoginAnimationTests/Pods-LoginAnimation-LoginAnimationTests-resources-${CONFIGURATION}-output-files.xcfilelist",
			);
			runOnlyForDeploymentPostprocessing = 0;
			shellPath = /bin/sh;
			shellScript = "\"${PODS_ROOT}/Target Support Files/Pods-LoginAnimation-LoginAnimationTests/Pods-LoginAnimation-LoginAnimationTests-resources.sh\"\n";
			showEnvVarsInLog = 0;
		};
/* End PBXShellScriptBuildPhase section */

/* Begin PBXSourcesBuildPhase section */
		00E356EA1AD99517003FC87E /* Sources */ = {
			isa = PBXSourcesBuildPhase;
			buildActionMask = 2147483647;
			files = (
				00E356F31AD99517003FC87E /* LoginAnimationTests.m in Sources */,
			);
			runOnlyForDeploymentPostprocessing = 0;
		};
		13B07F871A680F5B00A75B9A /* Sources */ = {
			isa = PBXSourcesBuildPhase;
			buildActionMask = 2147483647;
			files = (
				13B07FBC1A68108700A75B9A /* AppDelegate.mm in Sources */,
				13B07FC11A68108700A75B9A /* main.m in Sources */,
			);
			runOnlyForDeploymentPostprocessing = 0;
		};
/* End PBXSourcesBuildPhase section */

/* Begin PBXTargetDependency section */
		00E356F51AD99517003FC87E /* PBXTargetDependency */ = {
			isa = PBXTargetDependency;
			target = 13B07F861A680F5B00A75B9A /* LoginAnimation */;
			targetProxy = 00E356F41AD99517003FC87E /* PBXContainerItemProxy */;
		};
/* End PBXTargetDependency section */

/* Begin XCBuildConfiguration section */
		00E356F61AD99517003FC87E /* Debug */ = {
			isa = XCBuildConfiguration;
			baseConfigurationReference = 5B7EB9410499542E8C5724F5 /* Pods-LoginAnimation-LoginAnimationTests.debug.xcconfig */;
			buildSettings = {
				BUNDLE_LOADER = "$(TEST_HOST)";
				GCC_PREPROCESSOR_DEFINITIONS = (
					"DEBUG=1",
					"$(inherited)",
				);
				INFOPLIST_FILE = LoginAnimationTests/Info.plist;
				IPHONEOS_DEPLOYMENT_TARGET = 13.4;
				LD_RUNPATH_SEARCH_PATHS = (
					"$(inherited)",
					"@executable_path/Frameworks",
					"@loader_path/Frameworks",
				);
				OTHER_LDFLAGS = (
					"-ObjC",
					"-lc++",
					"$(inherited)",
				);
				PRODUCT_BUNDLE_IDENTIFIER = "org.reactjs.native.example.$(PRODUCT_NAME:rfc1034identifier)";
				PRODUCT_NAME = "$(TARGET_NAME)";
				TEST_HOST = "$(BUILT_PRODUCTS_DIR)/LoginAnimation.app/LoginAnimation";
			};
			name = Debug;
		};
		00E356F71AD99517003FC87E /* Release */ = {
			isa = XCBuildConfiguration;
			baseConfigurationReference = 89C6BE57DB24E9ADA2F236DE /* Pods-LoginAnimation-LoginAnimationTests.release.xcconfig */;
			buildSettings = {
				BUNDLE_LOADER = "$(TEST_HOST)";
				COPY_PHASE_STRIP = NO;
				INFOPLIST_FILE = LoginAnimationTests/Info.plist;
				IPHONEOS_DEPLOYMENT_TARGET = 13.4;
				LD_RUNPATH_SEARCH_PATHS = (
					"$(inherited)",
					"@executable_path/Frameworks",
					"@loader_path/Frameworks",
				);
				OTHER_LDFLAGS = (
					"-ObjC",
					"-lc++",
					"$(inherited)",
				);
				PRODUCT_BUNDLE_IDENTIFIER = "org.reactjs.native.example.$(PRODUCT_NAME:rfc1034identifier)";
				PRODUCT_NAME = "$(TARGET_NAME)";
				TEST_HOST = "$(BUILT_PRODUCTS_DIR)/LoginAnimation.app/LoginAnimation";
			};
			name = Release;
		};
		13B07F941A680F5B00A75B9A /* Debug */ = {
			isa = XCBuildConfiguration;
			baseConfigurationReference = 3B4392A12AC88292D35C810B /* Pods-LoginAnimation.debug.xcconfig */;
			buildSettings = {
				ASSETCATALOG_COMPILER_APPICON_NAME = AppIcon;
				CLANG_ENABLE_MODULES = YES;
				CURRENT_PROJECT_VERSION = 1;
				ENABLE_BITCODE = NO;
				INFOPLIST_FILE = LoginAnimation/Info.plist;
				LD_RUNPATH_SEARCH_PATHS = (
					"$(inherited)",
					"@executable_path/Frameworks",
				);
				MARKETING_VERSION = 1.0;
				OTHER_LDFLAGS = (
					"$(inherited)",
					"-ObjC",
					"-lc++",
				);
				PRODUCT_BUNDLE_IDENTIFIER = "org.reactjs.native.example.$(PRODUCT_NAME:rfc1034identifier)";
				PRODUCT_NAME = LoginAnimation;
				SWIFT_OPTIMIZATION_LEVEL = "-Onone";
				SWIFT_VERSION = 5.0;
				VERSIONING_SYSTEM = "apple-generic";
			};
			name = Debug;
		};
		13B07F951A680F5B00A75B9A /* Release */ = {
			isa = XCBuildConfiguration;
			baseConfigurationReference = 5709B34CF0A7D63546082F79 /* Pods-LoginAnimation.release.xcconfig */;
			buildSettings = {
				ASSETCATALOG_COMPILER_APPICON_NAME = AppIcon;
				CLANG_ENABLE_MODULES = YES;
				CURRENT_PROJECT_VERSION = 1;
				INFOPLIST_FILE = LoginAnimation/Info.plist;
				LD_RUNPATH_SEARCH_PATHS = (
					"$(inherited)",
					"@executable_path/Frameworks",
				);
				MARKETING_VERSION = 1.0;
				OTHER_LDFLAGS = (
					"$(inherited)",
					"-ObjC",
					"-lc++",
				);
				PRODUCT_BUNDLE_IDENTIFIER = "org.reactjs.native.example.$(PRODUCT_NAME:rfc1034identifier)";
				PRODUCT_NAME = LoginAnimation;
				SWIFT_VERSION = 5.0;
				VERSIONING_SYSTEM = "apple-generic";
			};
			name = Release;
		};
		83CBBA201A601CBA00E9B192 /* Debug */ = {
			isa = XCBuildConfiguration;
			buildSettings = {
				ALWAYS_SEARCH_USER_PATHS = NO;
				CC = "";
				CLANG_ANALYZER_LOCALIZABILITY_NONLOCALIZED = YES;
				CLANG_CXX_LANGUAGE_STANDARD = "c++20";
				CLANG_CXX_LIBRARY = "libc++";
				CLANG_ENABLE_MODULES = YES;
				CLANG_ENABLE_OBJC_ARC = YES;
				CLANG_WARN_BLOCK_CAPTURE_AUTORELEASING = YES;
				CLANG_WARN_BOOL_CONVERSION = YES;
				CLANG_WARN_COMMA = YES;
				CLANG_WARN_CONSTANT_CONVERSION = YES;
				CLANG_WARN_DEPRECATED_OBJC_IMPLEMENTATIONS = YES;
				CLANG_WARN_DIRECT_OBJC_ISA_USAGE = YES_ERROR;
				CLANG_WARN_EMPTY_BODY = YES;
				CLANG_WARN_ENUM_CONVERSION = YES;
				CLANG_WARN_INFINITE_RECURSION = YES;
				CLANG_WARN_INT_CONVERSION = YES;
				CLANG_WARN_NON_LITERAL_NULL_CONVERSION = YES;
				CLANG_WARN_OBJC_IMPLICIT_RETAIN_SELF = YES;
				CLANG_WARN_OBJC_LITERAL_CONVERSION = YES;
				CLANG_WARN_OBJC_ROOT_CLASS = YES_ERROR;
				CLANG_WARN_QUOTED_INCLUDE_IN_FRAMEWORK_HEADER = YES;
				CLANG_WARN_RANGE_LOOP_ANALYSIS = YES;
				CLANG_WARN_STRICT_PROTOTYPES = YES;
				CLANG_WARN_SUSPICIOUS_MOVE = YES;
				CLANG_WARN_UNREACHABLE_CODE = YES;
				CLANG_WARN__DUPLICATE_METHOD_MATCH = YES;
				"CODE_SIGN_IDENTITY[sdk=iphoneos*]" = "iPhone Developer";
				COPY_PHASE_STRIP = NO;
				CXX = "";
				ENABLE_STRICT_OBJC_MSGSEND = YES;
				ENABLE_TESTABILITY = YES;
				"EXCLUDED_ARCHS[sdk=iphonesimulator*]" = "";
				GCC_C_LANGUAGE_STANDARD = gnu99;
				GCC_DYNAMIC_NO_PIC = NO;
				GCC_NO_COMMON_BLOCKS = YES;
				GCC_OPTIMIZATION_LEVEL = 0;
				GCC_PREPROCESSOR_DEFINITIONS = (
					"DEBUG=1",
					"$(inherited)",
				);
				GCC_SYMBOLS_PRIVATE_EXTERN = NO;
				GCC_WARN_64_TO_32_BIT_CONVERSION = YES;
				GCC_WARN_ABOUT_RETURN_TYPE = YES_ERROR;
				GCC_WARN_UNDECLARED_SELECTOR = YES;
				GCC_WARN_UNINITIALIZED_AUTOS = YES_AGGRESSIVE;
				GCC_WARN_UNUSED_FUNCTION = YES;
				GCC_WARN_UNUSED_VARIABLE = YES;
				IPHONEOS_DEPLOYMENT_TARGET = 13.4;
				LD = "";
				LDPLUSPLUS = "";
				LD_RUNPATH_SEARCH_PATHS = (
					/usr/lib/swift,
					"$(inherited)",
				);
				LIBRARY_SEARCH_PATHS = (
					"\"$(SDKROOT)/usr/lib/swift\"",
					"\"$(TOOLCHAIN_DIR)/usr/lib/swift/$(PLATFORM_NAME)\"",
					"\"$(inherited)\"",
				);
				MTL_ENABLE_DEBUG_INFO = YES;
				ONLY_ACTIVE_ARCH = YES;
				OTHER_CPLUSPLUSFLAGS = (
					"$(OTHER_CFLAGS)",
					"-DFOLLY_NO_CONFIG",
					"-DFOLLY_MOBILE=1",
					"-DFOLLY_USE_LIBCPP=1",
					"-DFOLLY_CFG_NO_COROUTINES=1",
					"-DFOLLY_HAVE_CLOCK_GETTIME=1",
				);
				OTHER_LDFLAGS = "$(inherited)  ";
				REACT_NATIVE_PATH = "${PODS_ROOT}/../../node_modules/react-native";
				SDKROOT = iphoneos;
				USE_HERMES = true;
			};
			name = Debug;
		};
		83CBBA211A601CBA00E9B192 /* Release */ = {
			isa = XCBuildConfiguration;
			buildSettings = {
				ALWAYS_SEARCH_USER_PATHS = NO;
				CC = "";
				CLANG_ANALYZER_LOCALIZABILITY_NONLOCALIZED = YES;
				CLANG_CXX_LANGUAGE_STANDARD = "c++20";
				CLANG_CXX_LIBRARY = "libc++";
				CLANG_ENABLE_MODULES = YES;
				CLANG_ENABLE_OBJC_ARC = YES;
				CLANG_WARN_BLOCK_CAPTURE_AUTORELEASING = YES;
				CLANG_WARN_BOOL_CONVERSION = YES;
				CLANG_WARN_COMMA = YES;
				CLANG_WARN_CONSTANT_CONVERSION = YES;
				CLANG_WARN_DEPRECATED_OBJC_IMPLEMENTATIONS = YES;
				CLANG_WARN_DIRECT_OBJC_ISA_USAGE = YES_ERROR;
				CLANG_WARN_EMPTY_BODY = YES;
				CLANG_WARN_ENUM_CONVERSION = YES;
				CLANG_WARN_INFINITE_RECURSION = YES;
				CLANG_WARN_INT_CONVERSION = YES;
				CLANG_WARN_NON_LITERAL_NULL_CONVERSION = YES;
				CLANG_WARN_OBJC_IMPLICIT_RETAIN_SELF = YES;
				CLANG_WARN_OBJC_LITERAL_CONVERSION = YES;
				CLANG_WARN_OBJC_ROOT_CLASS = YES_ERROR;
				CLANG_WARN_QUOTED_INCLUDE_IN_FRAMEWORK_HEADER = YES;
				CLANG_WARN_RANGE_LOOP_ANALYSIS = YES;
				CLANG_WARN_STRICT_PROTOTYPES = YES;
				CLANG_WARN_SUSPICIOUS_MOVE = YES;
				CLANG_WARN_UNREACHABLE_CODE = YES;
				CLANG_WARN__DUPLICATE_METHOD_MATCH = YES;
				"CODE_SIGN_IDENTITY[sdk=iphoneos*]" = "iPhone Developer";
				COPY_PHASE_STRIP = YES;
				CXX = "";
				ENABLE_NS_ASSERTIONS = NO;
				ENABLE_STRICT_OBJC_MSGSEND = YES;
				"EXCLUDED_ARCHS[sdk=iphonesimulator*]" = "";
				GCC_C_LANGUAGE_STANDARD = gnu99;
				GCC_NO_COMMON_BLOCKS = YES;
				GCC_WARN_64_TO_32_BIT_CONVERSION = YES;
				GCC_WARN_ABOUT_RETURN_TYPE = YES_ERROR;
				GCC_WARN_UNDECLARED_SELECTOR = YES;
				GCC_WARN_UNINITIALIZED_AUTOS = YES_AGGRESSIVE;
				GCC_WARN_UNUSED_FUNCTION = YES;
				GCC_WARN_UNUSED_VARIABLE = YES;
				IPHONEOS_DEPLOYMENT_TARGET = 13.4;
				LD = "";
				LDPLUSPLUS = "";
				LD_RUNPATH_SEARCH_PATHS = (
					/usr/lib/swift,
					"$(inherited)",
				);
				LIBRARY_SEARCH_PATHS = (
					"\"$(SDKROOT)/usr/lib/swift\"",
					"\"$(TOOLCHAIN_DIR)/usr/lib/swift/$(PLATFORM_NAME)\"",
					"\"$(inherited)\"",
				);
				MTL_ENABLE_DEBUG_INFO = NO;
				OTHER_CPLUSPLUSFLAGS = (
					"$(OTHER_CFLAGS)",
					"-DFOLLY_NO_CONFIG",
					"-DFOLLY_MOBILE=1",
					"-DFOLLY_USE_LIBCPP=1",
					"-DFOLLY_CFG_NO_COROUTINES=1",
					"-DFOLLY_HAVE_CLOCK_GETTIME=1",
				);
				OTHER_LDFLAGS = "$(inherited)  ";
				REACT_NATIVE_PATH = "${PODS_ROOT}/../../node_modules/react-native";
				SDKROOT = iphoneos;
				USE_HERMES = true;
				VALIDATE_PRODUCT = YES;
			};
			name = Release;
		};
/* End XCBuildConfiguration section */

/* Begin XCConfigurationList section */
		00E357021AD99517003FC87E /* Build configuration list for PBXNativeTarget "LoginAnimationTests" */ = {
			isa = XCConfigurationList;
			buildConfigurations = (
				00E356F61AD99517003FC87E /* Debug */,
				00E356F71AD99517003FC87E /* Release */,
			);
			defaultConfigurationIsVisible = 0;
			defaultConfigurationName = Release;
		};
		13B07F931A680F5B00A75B9A /* Build configuration list for PBXNativeTarget "LoginAnimation" */ = {
			isa = XCConfigurationList;
			buildConfigurations = (
				13B07F941A680F5B00A75B9A /* Debug */,
				13B07F951A680F5B00A75B9A /* Release */,
			);
			defaultConfigurationIsVisible = 0;
			defaultConfigurationName = Release;
		};
		83CBB9FA1A601CBA00E9B192 /* Build configuration list for PBXProject "LoginAnimation" */ = {
			isa = XCConfigurationList;
			buildConfigurations = (
				83CBBA201A601CBA00E9B192 /* Debug */,
				83CBBA211A601CBA00E9B192 /* Release */,
			);
			defaultConfigurationIsVisible = 0;
			defaultConfigurationName = Release;
		};
/* End XCConfigurationList section */
	};
	rootObject = 83CBB9F71A601CBA00E9B192 /* Project object */;
}
